{
  "version": "3",
  "packages": {
    "specifiers": {
      "jsr:@hono/hono@^4.6.2": "jsr:@hono/hono@4.6.2"
    },
    "jsr": {
      "@hono/hono@4.6.2": {
        "integrity": "35fcf3be4687825080b01bed7bbe2ac66f8d8b8939f0bad459661bf3b46d916f"
      }
    }
  },
  "remote": {},
  "workspace": {
    "dependencies": [
      "jsr:@hono/hono@^4.6.2"
    ]
  }
}
